
Microsoft Visual Studio Solution File, Format Version 12.00
# Visual Studio Version 17
VisualStudioVersion = 17.8.34330.188
MinimumVisualStudioVersion = 10.0.40219.1
Project("{2150E333-8FDC-42A3-9474-1A3956D46DE8}") = "Services", "Services", "{E2436CE3-4A0F-4CD3-BFFE-C9AD0AC31823}"
EndProject
Project("{2150E333-8FDC-42A3-9474-1A3956D46DE8}") = "Article", "Article", "{DCA20818-8BE6-4A0E-96A8-5687D7C2DF2C}"
EndProject
Project("{2150E333-8FDC-42A3-9474-1A3956D46DE8}") = "Review", "Review", "{43191EEA-267A-4D19-A1F5-84211426D6A5}"
EndProject
Project("{2150E333-8FDC-42A3-9474-1A3956D46DE8}") = "Presentation", "Presentation", "{8EEA45BC-54F3-43CA-930A-AF726C4F5786}"
EndProject
Project("{2150E333-8FDC-42A3-9474-1A3956D46DE8}") = "Infrastructure", "Infrastructure", "{A417DA0A-D729-429C-99DF-2DAE29392284}"
EndProject
Project("{9A19103F-16F7-4668-BE54-9A1E7A4F7556}") = "Persistence", "Services\Article\Persistence\Persistence.csproj", "{01D18453-A9B9-4B7F-94C1-360A33183B8A}"
EndProject
Project("{2150E333-8FDC-42A3-9474-1A3956D46DE8}") = "Core", "Core", "{DFE54695-E1F1-47F6-8870-893DB34632AC}"
EndProject
Project("{9A19103F-16F7-4668-BE54-9A1E7A4F7556}") = "Application", "Services\Article\Application\Application.csproj", "{AA7ABF09-4B73-4966-B1A9-62B4FF3CE771}"
EndProject
Project("{9A19103F-16F7-4668-BE54-9A1E7A4F7556}") = "ArticleApi", "Services\Article\ArticleApi\ArticleApi.csproj", "{654219DE-3D3C-48DA-9AE1-B37E6834CA68}"
EndProject
Project("{9A19103F-16F7-4668-BE54-9A1E7A4F7556}") = "Domain", "Services\Article\Domain\Domain.csproj", "{6E8B5C91-60E5-43DD-80BE-8548F1488E5E}"
EndProject
Project("{2150E333-8FDC-42A3-9474-1A3956D46DE8}") = "Core", "Core", "{590FFEF0-246B-4112-9C87-16D79061A470}"
EndProject
Project("{2150E333-8FDC-42A3-9474-1A3956D46DE8}") = "Infrastructure", "Infrastructure", "{39ED640D-E6A4-44BC-9CBD-B4C161A51D0E}"
EndProject
Project("{2150E333-8FDC-42A3-9474-1A3956D46DE8}") = "Presentation", "Presentation", "{1DC0C20F-E37C-4D63-BFA3-5838C6299ECF}"
EndProject
Project("{9A19103F-16F7-4668-BE54-9A1E7A4F7556}") = "Domain", "Services\Review\Domain\Domain.csproj", "{B1CD04B1-E3A7-4F56-AD81-4E3F4D3D3A2B}"
EndProject
Project("{9A19103F-16F7-4668-BE54-9A1E7A4F7556}") = "Application", "Services\Review\Application\Application.csproj", "{0AD780D3-CA01-4667-9156-66F5F813E5F2}"
EndProject
Project("{9A19103F-16F7-4668-BE54-9A1E7A4F7556}") = "Persistence", "Services\Review\Persistence\Persistence.csproj", "{533F63CD-07A3-4E80-B15F-1D0405A70FD1}"
EndProject
Project("{E53339B2-1760-4266-BCC7-CA923CBCF16C}") = "docker-compose", "docker-compose.dcproj", "{673E8D81-8AFF-41BF-A71C-567C78ED9FA2}"
EndProject
Project("{9A19103F-16F7-4668-BE54-9A1E7A4F7556}") = "ReviewApi", "Services\Review\ReviewApi\ReviewApi.csproj", "{6E9548CA-C50E-472D-AD9B-B7272AB49753}"
EndProject
Project("{FAE04EC0-301F-11D3-BF4B-00C04F79EFBC}") = "Proxies", "Services\Review\Proxies\Proxies.csproj", "{D5A1F651-3EE3-454D-953D-119584582812}"
EndProject
Global
	GlobalSection(SolutionConfigurationPlatforms) = preSolution
		Debug|Any CPU = Debug|Any CPU
		Release|Any CPU = Release|Any CPU
	EndGlobalSection
	GlobalSection(ProjectConfigurationPlatforms) = postSolution
		{01D18453-A9B9-4B7F-94C1-360A33183B8A}.Debug|Any CPU.ActiveCfg = Debug|Any CPU
		{01D18453-A9B9-4B7F-94C1-360A33183B8A}.Debug|Any CPU.Build.0 = Debug|Any CPU
		{01D18453-A9B9-4B7F-94C1-360A33183B8A}.Release|Any CPU.ActiveCfg = Release|Any CPU
		{01D18453-A9B9-4B7F-94C1-360A33183B8A}.Release|Any CPU.Build.0 = Release|Any CPU
		{AA7ABF09-4B73-4966-B1A9-62B4FF3CE771}.Debug|Any CPU.ActiveCfg = Debug|Any CPU
		{AA7ABF09-4B73-4966-B1A9-62B4FF3CE771}.Debug|Any CPU.Build.0 = Debug|Any CPU
		{AA7ABF09-4B73-4966-B1A9-62B4FF3CE771}.Release|Any CPU.ActiveCfg = Release|Any CPU
		{AA7ABF09-4B73-4966-B1A9-62B4FF3CE771}.Release|Any CPU.Build.0 = Release|Any CPU
		{654219DE-3D3C-48DA-9AE1-B37E6834CA68}.Debug|Any CPU.ActiveCfg = Debug|Any CPU
		{654219DE-3D3C-48DA-9AE1-B37E6834CA68}.Debug|Any CPU.Build.0 = Debug|Any CPU
		{654219DE-3D3C-48DA-9AE1-B37E6834CA68}.Release|Any CPU.ActiveCfg = Release|Any CPU
		{654219DE-3D3C-48DA-9AE1-B37E6834CA68}.Release|Any CPU.Build.0 = Release|Any CPU
		{6E8B5C91-60E5-43DD-80BE-8548F1488E5E}.Debug|Any CPU.ActiveCfg = Debug|Any CPU
		{6E8B5C91-60E5-43DD-80BE-8548F1488E5E}.Debug|Any CPU.Build.0 = Debug|Any CPU
		{6E8B5C91-60E5-43DD-80BE-8548F1488E5E}.Release|Any CPU.ActiveCfg = Release|Any CPU
		{6E8B5C91-60E5-43DD-80BE-8548F1488E5E}.Release|Any CPU.Build.0 = Release|Any CPU
		{B1CD04B1-E3A7-4F56-AD81-4E3F4D3D3A2B}.Debug|Any CPU.ActiveCfg = Debug|Any CPU
		{B1CD04B1-E3A7-4F56-AD81-4E3F4D3D3A2B}.Debug|Any CPU.Build.0 = Debug|Any CPU
		{B1CD04B1-E3A7-4F56-AD81-4E3F4D3D3A2B}.Release|Any CPU.ActiveCfg = Release|Any CPU
		{B1CD04B1-E3A7-4F56-AD81-4E3F4D3D3A2B}.Release|Any CPU.Build.0 = Release|Any CPU
		{0AD780D3-CA01-4667-9156-66F5F813E5F2}.Debug|Any CPU.ActiveCfg = Debug|Any CPU
		{0AD780D3-CA01-4667-9156-66F5F813E5F2}.Debug|Any CPU.Build.0 = Debug|Any CPU
		{0AD780D3-CA01-4667-9156-66F5F813E5F2}.Release|Any CPU.ActiveCfg = Release|Any CPU
		{0AD780D3-CA01-4667-9156-66F5F813E5F2}.Release|Any CPU.Build.0 = Release|Any CPU
		{533F63CD-07A3-4E80-B15F-1D0405A70FD1}.Debug|Any CPU.ActiveCfg = Debug|Any CPU
		{533F63CD-07A3-4E80-B15F-1D0405A70FD1}.Debug|Any CPU.Build.0 = Debug|Any CPU
		{533F63CD-07A3-4E80-B15F-1D0405A70FD1}.Release|Any CPU.ActiveCfg = Release|Any CPU
		{533F63CD-07A3-4E80-B15F-1D0405A70FD1}.Release|Any CPU.Build.0 = Release|Any CPU
		{673E8D81-8AFF-41BF-A71C-567C78ED9FA2}.Debug|Any CPU.ActiveCfg = Debug|Any CPU
		{673E8D81-8AFF-41BF-A71C-567C78ED9FA2}.Debug|Any CPU.Build.0 = Debug|Any CPU
		{673E8D81-8AFF-41BF-A71C-567C78ED9FA2}.Release|Any CPU.ActiveCfg = Release|Any CPU
		{673E8D81-8AFF-41BF-A71C-567C78ED9FA2}.Release|Any CPU.Build.0 = Release|Any CPU
		{6E9548CA-C50E-472D-AD9B-B7272AB49753}.Debug|Any CPU.ActiveCfg = Debug|Any CPU
		{6E9548CA-C50E-472D-AD9B-B7272AB49753}.Debug|Any CPU.Build.0 = Debug|Any CPU
		{6E9548CA-C50E-472D-AD9B-B7272AB49753}.Release|Any CPU.ActiveCfg = Release|Any CPU
		{6E9548CA-C50E-472D-AD9B-B7272AB49753}.Release|Any CPU.Build.0 = Release|Any CPU
		{D5A1F651-3EE3-454D-953D-119584582812}.Debug|Any CPU.ActiveCfg = Debug|Any CPU
		{D5A1F651-3EE3-454D-953D-119584582812}.Debug|Any CPU.Build.0 = Debug|Any CPU
		{D5A1F651-3EE3-454D-953D-119584582812}.Release|Any CPU.ActiveCfg = Release|Any CPU
		{D5A1F651-3EE3-454D-953D-119584582812}.Release|Any CPU.Build.0 = Release|Any CPU
	EndGlobalSection
	GlobalSection(SolutionProperties) = preSolution
		HideSolutionNode = FALSE
	EndGlobalSection
	GlobalSection(NestedProjects) = preSolution
		{DCA20818-8BE6-4A0E-96A8-5687D7C2DF2C} = {E2436CE3-4A0F-4CD3-BFFE-C9AD0AC31823}
		{43191EEA-267A-4D19-A1F5-84211426D6A5} = {E2436CE3-4A0F-4CD3-BFFE-C9AD0AC31823}
		{8EEA45BC-54F3-43CA-930A-AF726C4F5786} = {DCA20818-8BE6-4A0E-96A8-5687D7C2DF2C}
		{A417DA0A-D729-429C-99DF-2DAE29392284} = {DCA20818-8BE6-4A0E-96A8-5687D7C2DF2C}
		{01D18453-A9B9-4B7F-94C1-360A33183B8A} = {A417DA0A-D729-429C-99DF-2DAE29392284}
		{DFE54695-E1F1-47F6-8870-893DB34632AC} = {DCA20818-8BE6-4A0E-96A8-5687D7C2DF2C}
		{AA7ABF09-4B73-4966-B1A9-62B4FF3CE771} = {DFE54695-E1F1-47F6-8870-893DB34632AC}
		{654219DE-3D3C-48DA-9AE1-B37E6834CA68} = {8EEA45BC-54F3-43CA-930A-AF726C4F5786}
		{6E8B5C91-60E5-43DD-80BE-8548F1488E5E} = {DFE54695-E1F1-47F6-8870-893DB34632AC}
		{590FFEF0-246B-4112-9C87-16D79061A470} = {43191EEA-267A-4D19-A1F5-84211426D6A5}
		{39ED640D-E6A4-44BC-9CBD-B4C161A51D0E} = {43191EEA-267A-4D19-A1F5-84211426D6A5}
		{1DC0C20F-E37C-4D63-BFA3-5838C6299ECF} = {43191EEA-267A-4D19-A1F5-84211426D6A5}
		{B1CD04B1-E3A7-4F56-AD81-4E3F4D3D3A2B} = {590FFEF0-246B-4112-9C87-16D79061A470}
		{0AD780D3-CA01-4667-9156-66F5F813E5F2} = {590FFEF0-246B-4112-9C87-16D79061A470}
		{533F63CD-07A3-4E80-B15F-1D0405A70FD1} = {39ED640D-E6A4-44BC-9CBD-B4C161A51D0E}
		{6E9548CA-C50E-472D-AD9B-B7272AB49753} = {1DC0C20F-E37C-4D63-BFA3-5838C6299ECF}
		{D5A1F651-3EE3-454D-953D-119584582812} = {39ED640D-E6A4-44BC-9CBD-B4C161A51D0E}
	EndGlobalSection
	GlobalSection(ExtensibilityGlobals) = postSolution
		SolutionGuid = {C183AABB-BBD1-455F-85B3-A0C6B0560599}
	EndGlobalSection
EndGlobal
